
Microsoft Visual Studio Solution File, Format Version 12.00
# Visual Studio 15
VisualStudioVersion = 15.0.28307.421
MinimumVisualStudioVersion = 10.0.40219.1
Project("{FAE04EC0-301F-11D3-BF4B-00C04F79EFBC}") = "Your weather assistant.Android", "Your weather assistant\Your weather assistant.Android\Your weather assistant.Android.csproj", "{742EAD82-9041-45E7-9E85-58D0AC6E54C3}"
EndProject
Project("{FAE04EC0-301F-11D3-BF4B-00C04F79EFBC}") = "Your weather assistant", "Your weather assistant\Your weather assistant\Your weather assistant.csproj", "{C6F9EA6F-A9BA-42CD-A287-F0A02B542E2B}"
EndProject
Global
	GlobalSection(SolutionConfigurationPlatforms) = preSolution
		Debug|Any CPU = Debug|Any CPU
		Release|Any CPU = Release|Any CPU
	EndGlobalSection
	GlobalSection(ProjectConfigurationPlatforms) = postSolution
		{742EAD82-9041-45E7-9E85-58D0AC6E54C3}.Debug|Any CPU.ActiveCfg = Debug|Any CPU
		{742EAD82-9041-45E7-9E85-58D0AC6E54C3}.Debug|Any CPU.Build.0 = Debug|Any CPU
		{742EAD82-9041-45E7-9E85-58D0AC6E54C3}.Debug|Any CPU.Deploy.0 = Debug|Any CPU
		{742EAD82-9041-45E7-9E85-58D0AC6E54C3}.Release|Any CPU.ActiveCfg = Release|Any CPU
		{742EAD82-9041-45E7-9E85-58D0AC6E54C3}.Release|Any CPU.Build.0 = Release|Any CPU
		{742EAD82-9041-45E7-9E85-58D0AC6E54C3}.Release|Any CPU.Deploy.0 = Release|Any CPU
		{C6F9EA6F-A9BA-42CD-A287-F0A02B542E2B}.Debug|Any CPU.ActiveCfg = Debug|Any CPU
		{C6F9EA6F-A9BA-42CD-A287-F0A02B542E2B}.Debug|Any CPU.Build.0 = Debug|Any CPU
		{C6F9EA6F-A9BA-42CD-A287-F0A02B542E2B}.Release|Any CPU.ActiveCfg = Release|Any CPU
		{C6F9EA6F-A9BA-42CD-A287-F0A02B542E2B}.Release|Any CPU.Build.0 = Release|Any CPU
	EndGlobalSection
	GlobalSection(SolutionProperties) = preSolution
		HideSolutionNode = FALSE
	EndGlobalSection
	GlobalSection(ExtensibilityGlobals) = postSolution
		SolutionGuid = {7CCCCD78-6E61-44C5-AB02-BAF16DD983F4}
	EndGlobalSection
EndGlobal
